{
  "name": "ZenWealth",
  "lockfileVersion": 3,
  "requires": true,
  "packages": {
    "": {
      "dependencies": {
        "@rollup/rollup-win32-x64-msvc": "^4.40.2"
      }
    },
    "node_modules/@rollup/rollup-win32-x64-msvc": {
      "version": "4.40.2",
      "resolved": "https://registry.npmjs.org/@rollup/rollup-win32-x64-msvc/-/rollup-win32-x64-msvc-4.40.2.tgz",
      "integrity": "sha512-bwspbWB04XJpeElvsp+DCylKfF4trJDa2Y9Go8O6A7YLX2LIKGcNK/CYImJN6ZP4DcuOHB4Utl3iCbnR62DudA==",
      "cpu": [
        "x64"
      ],
      "license": "MIT",
      "os": [
        "win32"
      ]
    }
  }
}
