<Solution>
  <Project Path="Client\Client.esproj" Type="{54A90642-561A-4BB1-A94E-469ADEE60C69}">
    <Configuration Solution="Debug|Any CPU" Project="Debug|Any CPU|Deploy" />
    <Configuration Solution="Release|Any CPU" Project="Release|Any CPU|Deploy" />
  </Project>
  <Project Path="Server\Server.csproj">
    <BuildDependency Project="Client\Client.esproj" />
  </Project>
</Solution>